// !$*UTF8*$!
{
	archiveVersion = 1;
	classes = {
	};
	objectVersion = 56;
	objects = {

/* Begin PBXBuildFile section */
		9F56470C2BB9180200C0B94A /* shaders.metal in Sources */ = {isa = PBXBuildFile; fileRef = 9F56470B2BB9180200C0B94A /* shaders.metal */; };
		9F7D54FC2BDC914800ADCC8B /* Metal.framework in Frameworks */ = {isa = PBXBuildFile; fileRef = 9F7D54FB2BDC914800ADCC8B /* Metal.framework */; };
		9F7D55082BDCBC2600ADCC8B /* osx_audio.m in Sources */ = {isa = PBXBuildFile; fileRef = 9F7D54FF2BDCBC2600ADCC8B /* osx_audio.m */; };
		9F7D55092BDCBC2600ADCC8B /* osx_renderer.mm in Sources */ = {isa = PBXBuildFile; fileRef = 9F7D55002BDCBC2600ADCC8B /* osx_renderer.mm */; };
		9F7D550A2BDCBC2600ADCC8B /* osx_dynamic_loader.m in Sources */ = {isa = PBXBuildFile; fileRef = 9F7D55022BDCBC2600ADCC8B /* osx_dynamic_loader.m */; };
		9F7D550B2BDCBC2600ADCC8B /* CustomWindowDelegate.m in Sources */ = {isa = PBXBuildFile; fileRef = 9F7D55032BDCBC2600ADCC8B /* CustomWindowDelegate.m */; };
		9F7D550C2BDCBC2600ADCC8B /* osx_input.m in Sources */ = {isa = PBXBuildFile; fileRef = 9F7D55042BDCBC2600ADCC8B /* osx_input.m */; };
		9F7D550D2BDCBC2600ADCC8B /* main.m in Sources */ = {isa = PBXBuildFile; fileRef = 9F7D55052BDCBC2600ADCC8B /* main.m */; };
		9F7D550E2BDCBC2600ADCC8B /* osx_lock.m in Sources */ = {isa = PBXBuildFile; fileRef = 9F7D55062BDCBC2600ADCC8B /* osx_lock.m */; };
		9F7D550F2BDCBC2600ADCC8B /* osx_time.m in Sources */ = {isa = PBXBuildFile; fileRef = 9F7D55072BDCBC2600ADCC8B /* osx_time.m */; };
		9F7D55112BE9771700ADCC8B /* antiqua_render_group.cpp in Sources */ = {isa = PBXBuildFile; fileRef = 9F7D55102BE9771700ADCC8B /* antiqua_render_group.cpp */; };
		9FC718EE2A7D5E45007ADAA1 /* Assets.xcassets in Resources */ = {isa = PBXBuildFile; fileRef = 9FC718ED2A7D5E45007ADAA1 /* Assets.xcassets */; };
		9FC7191C2A7D608E007ADAA1 /* antiqua.app in CopyFiles */ = {isa = PBXBuildFile; fileRef = 9FC718E42A7D5E44007ADAA1 /* antiqua.app */; };
		9FCE02832AD9174900BB84CA /* antiqua.mm in Sources */ = {isa = PBXBuildFile; fileRef = 9FCE027D2AD9174900BB84CA /* antiqua.mm */; };
		9FCE02872AD918A500BB84CA /* Carbon.framework in Frameworks */ = {isa = PBXBuildFile; fileRef = 9FCE02862AD918A500BB84CA /* Carbon.framework */; };
		9FCE02892AD918AC00BB84CA /* AppKit.framework in Frameworks */ = {isa = PBXBuildFile; fileRef = 9FCE02882AD918AC00BB84CA /* AppKit.framework */; };
		9FCE028B2AD918B200BB84CA /* CoreVideo.framework in Frameworks */ = {isa = PBXBuildFile; fileRef = 9FCE028A2AD918B200BB84CA /* CoreVideo.framework */; };
		9FCE028D2AD918B900BB84CA /* QuartzCore.framework in Frameworks */ = {isa = PBXBuildFile; fileRef = 9FCE028C2AD918B900BB84CA /* QuartzCore.framework */; };
		9FCE028E2AD918BF00BB84CA /* CoreAudio.framework in Frameworks */ = {isa = PBXBuildFile; fileRef = 9FD312022AADA5D900C3A9EF /* CoreAudio.framework */; };
		9FCE02902AD918C500BB84CA /* IOKit.framework in Frameworks */ = {isa = PBXBuildFile; fileRef = 9FCE028F2AD918C500BB84CA /* IOKit.framework */; };
		9FD311FE2AADA0A500C3A9EF /* antiqua.cpp in Sources */ = {isa = PBXBuildFile; fileRef = 9FD311F82AADA0A500C3A9EF /* antiqua.cpp */; };
		9FE7769B2C12D85E008C7388 /* CustomNSView.m in Sources */ = {isa = PBXBuildFile; fileRef = 9FE7769A2C12D85E008C7388 /* CustomNSView.m */; };
/* End PBXBuildFile section */

/* Begin PBXCopyFilesBuildPhase section */
		9FC7191B2A7D6075007ADAA1 /* CopyFiles */ = {
			isa = PBXCopyFilesBuildPhase;
			buildActionMask = 8;
			dstPath = "${SRCROOT}";
			dstSubfolderSpec = 0;
			files = (
				9FC7191C2A7D608E007ADAA1 /* antiqua.app in CopyFiles */,
			);
			runOnlyForDeploymentPostprocessing = 1;
		};
/* End PBXCopyFilesBuildPhase section */

/* Begin PBXFileReference section */
		9F1D09F02A86C1A100263859 /* CustomWindowDelegate.h */ = {isa = PBXFileReference; fileEncoding = 4; lastKnownFileType = sourcecode.c.h; path = CustomWindowDelegate.h; sourceTree = "<group>"; };
		9F28AA722B9D88B7001A629A /* osx_renderer.h */ = {isa = PBXFileReference; fileEncoding = 4; lastKnownFileType = sourcecode.c.h; path = osx_renderer.h; sourceTree = "<group>"; };
		9F3BF0B92B590FE100A6C2B7 /* antiqua_intrinsics.h */ = {isa = PBXFileReference; fileEncoding = 4; lastKnownFileType = sourcecode.c.h; path = antiqua_intrinsics.h; sourceTree = "<group>"; };
		9F56470B2BB9180200C0B94A /* shaders.metal */ = {isa = PBXFileReference; fileEncoding = 4; lastKnownFileType = sourcecode.metal; path = shaders.metal; sourceTree = "<group>"; };
		9F56470D2BBA819300C0B94A /* antiqua_render_group.h */ = {isa = PBXFileReference; fileEncoding = 4; lastKnownFileType = sourcecode.c.h; path = antiqua_render_group.h; sourceTree = "<group>"; };
		9F6E25E32A7D7559006DF7A3 /* Info.plist */ = {isa = PBXFileReference; lastKnownFileType = text.plist; path = Info.plist; sourceTree = "<group>"; };
		9F7D54FB2BDC914800ADCC8B /* Metal.framework */ = {isa = PBXFileReference; lastKnownFileType = wrapper.framework; name = Metal.framework; path = System/Library/Frameworks/Metal.framework; sourceTree = SDKROOT; };
		9F7D54FF2BDCBC2600ADCC8B /* osx_audio.m */ = {isa = PBXFileReference; fileEncoding = 4; lastKnownFileType = sourcecode.c.objc; path = osx_audio.m; sourceTree = "<group>"; };
		9F7D55002BDCBC2600ADCC8B /* osx_renderer.mm */ = {isa = PBXFileReference; fileEncoding = 4; lastKnownFileType = sourcecode.cpp.objcpp; path = osx_renderer.mm; sourceTree = "<group>"; };
		9F7D55012BDCBC2600ADCC8B /* antiqua_math_generated.h */ = {isa = PBXFileReference; fileEncoding = 4; lastKnownFileType = sourcecode.c.h; path = antiqua_math_generated.h; sourceTree = "<group>"; };
		9F7D55022BDCBC2600ADCC8B /* osx_dynamic_loader.m */ = {isa = PBXFileReference; fileEncoding = 4; lastKnownFileType = sourcecode.c.objc; path = osx_dynamic_loader.m; sourceTree = "<group>"; };
		9F7D55032BDCBC2600ADCC8B /* CustomWindowDelegate.m */ = {isa = PBXFileReference; fileEncoding = 4; lastKnownFileType = sourcecode.c.objc; path = CustomWindowDelegate.m; sourceTree = "<group>"; };
		9F7D55042BDCBC2600ADCC8B /* osx_input.m */ = {isa = PBXFileReference; fileEncoding = 4; lastKnownFileType = sourcecode.c.objc; path = osx_input.m; sourceTree = "<group>"; };
		9F7D55052BDCBC2600ADCC8B /* main.m */ = {isa = PBXFileReference; fileEncoding = 4; lastKnownFileType = sourcecode.c.objc; path = main.m; sourceTree = "<group>"; };
		9F7D55062BDCBC2600ADCC8B /* osx_lock.m */ = {isa = PBXFileReference; fileEncoding = 4; lastKnownFileType = sourcecode.c.objc; path = osx_lock.m; sourceTree = "<group>"; };
		9F7D55072BDCBC2600ADCC8B /* osx_time.m */ = {isa = PBXFileReference; fileEncoding = 4; lastKnownFileType = sourcecode.c.objc; path = osx_time.m; sourceTree = "<group>"; };
		9F7D55102BE9771700ADCC8B /* antiqua_render_group.cpp */ = {isa = PBXFileReference; fileEncoding = 4; lastKnownFileType = sourcecode.cpp.cpp; path = antiqua_render_group.cpp; sourceTree = "<group>"; };
		9F8A97882B746643001AC5DB /* antiqua_random.h */ = {isa = PBXFileReference; fileEncoding = 4; lastKnownFileType = sourcecode.c.h; path = antiqua_random.h; sourceTree = "<group>"; };
		9F8A97892B746643001AC5DB /* antiqua_math.h */ = {isa = PBXFileReference; fileEncoding = 4; lastKnownFileType = sourcecode.c.h; path = antiqua_math.h; sourceTree = "<group>"; };
		9F8A978A2B746643001AC5DB /* antiqua_platform.h */ = {isa = PBXFileReference; fileEncoding = 4; lastKnownFileType = sourcecode.c.h; path = antiqua_platform.h; sourceTree = "<group>"; };
		9F8AC8C52B0926B100AC9757 /* osx_time.h */ = {isa = PBXFileReference; fileEncoding = 4; lastKnownFileType = sourcecode.c.h; path = osx_time.h; sourceTree = "<group>"; };
		9F8AC8C62B0926B100AC9757 /* osx_lock.h */ = {isa = PBXFileReference; fileEncoding = 4; lastKnownFileType = sourcecode.c.h; path = osx_lock.h; sourceTree = "<group>"; };
		9F8AC8C82B0926B100AC9757 /* osx_dynamic_loader.h */ = {isa = PBXFileReference; fileEncoding = 4; lastKnownFileType = sourcecode.c.h; path = osx_dynamic_loader.h; sourceTree = "<group>"; };
		9FC718E42A7D5E44007ADAA1 /* antiqua.app */ = {isa = PBXFileReference; explicitFileType = wrapper.application; includeInIndex = 0; path = antiqua.app; sourceTree = BUILT_PRODUCTS_DIR; };
		9FC718ED2A7D5E45007ADAA1 /* Assets.xcassets */ = {isa = PBXFileReference; lastKnownFileType = folder.assetcatalog; path = Assets.xcassets; sourceTree = "<group>"; };
		9FC718F42A7D5E45007ADAA1 /* antiqua.entitlements */ = {isa = PBXFileReference; lastKnownFileType = text.plist.entitlements; path = antiqua.entitlements; sourceTree = "<group>"; };
		9FC719182A7D5F7E007ADAA1 /* CustomNSView.h */ = {isa = PBXFileReference; fileEncoding = 4; lastKnownFileType = sourcecode.c.h; path = CustomNSView.h; sourceTree = "<group>"; };
		9FCE027D2AD9174900BB84CA /* antiqua.mm */ = {isa = PBXFileReference; fileEncoding = 4; lastKnownFileType = sourcecode.cpp.objcpp; path = antiqua.mm; sourceTree = "<group>"; };
		9FCE02862AD918A500BB84CA /* Carbon.framework */ = {isa = PBXFileReference; lastKnownFileType = wrapper.framework; name = Carbon.framework; path = System/Library/Frameworks/Carbon.framework; sourceTree = SDKROOT; };
		9FCE02882AD918AC00BB84CA /* AppKit.framework */ = {isa = PBXFileReference; lastKnownFileType = wrapper.framework; name = AppKit.framework; path = System/Library/Frameworks/AppKit.framework; sourceTree = SDKROOT; };
		9FCE028A2AD918B200BB84CA /* CoreVideo.framework */ = {isa = PBXFileReference; lastKnownFileType = wrapper.framework; name = CoreVideo.framework; path = System/Library/Frameworks/CoreVideo.framework; sourceTree = SDKROOT; };
		9FCE028C2AD918B900BB84CA /* QuartzCore.framework */ = {isa = PBXFileReference; lastKnownFileType = wrapper.framework; name = QuartzCore.framework; path = System/Library/Frameworks/QuartzCore.framework; sourceTree = SDKROOT; };
		9FCE028F2AD918C500BB84CA /* IOKit.framework */ = {isa = PBXFileReference; lastKnownFileType = wrapper.framework; name = IOKit.framework; path = System/Library/Frameworks/IOKit.framework; sourceTree = SDKROOT; };
		9FD311F72AADA0A500C3A9EF /* types.h */ = {isa = PBXFileReference; fileEncoding = 4; lastKnownFileType = sourcecode.c.h; path = types.h; sourceTree = "<group>"; };
		9FD311F82AADA0A500C3A9EF /* antiqua.cpp */ = {isa = PBXFileReference; fileEncoding = 4; lastKnownFileType = sourcecode.cpp.cpp; path = antiqua.cpp; sourceTree = "<group>"; };
		9FD311FA2AADA0A500C3A9EF /* antiqua.h */ = {isa = PBXFileReference; fileEncoding = 4; lastKnownFileType = sourcecode.c.h; path = antiqua.h; sourceTree = "<group>"; };
		9FD311FB2AADA0A500C3A9EF /* osx_input.h */ = {isa = PBXFileReference; fileEncoding = 4; lastKnownFileType = sourcecode.c.h; path = osx_input.h; sourceTree = "<group>"; };
		9FD311FD2AADA0A500C3A9EF /* osx_audio.h */ = {isa = PBXFileReference; fileEncoding = 4; lastKnownFileType = sourcecode.c.h; path = osx_audio.h; sourceTree = "<group>"; };
		9FD312022AADA5D900C3A9EF /* CoreAudio.framework */ = {isa = PBXFileReference; lastKnownFileType = wrapper.framework; name = CoreAudio.framework; path = System/Library/Frameworks/CoreAudio.framework; sourceTree = SDKROOT; };
		9FE7769A2C12D85E008C7388 /* CustomNSView.m */ = {isa = PBXFileReference; fileEncoding = 4; lastKnownFileType = sourcecode.c.objc; path = CustomNSView.m; sourceTree = "<group>"; };
/* End PBXFileReference section */

/* Begin PBXFrameworksBuildPhase section */
		9FC718E12A7D5E44007ADAA1 /* Frameworks */ = {
			isa = PBXFrameworksBuildPhase;
			buildActionMask = 2147483647;
			files = (
				9F7D54FC2BDC914800ADCC8B /* Metal.framework in Frameworks */,
				9FCE02902AD918C500BB84CA /* IOKit.framework in Frameworks */,
				9FCE028E2AD918BF00BB84CA /* CoreAudio.framework in Frameworks */,
				9FCE028D2AD918B900BB84CA /* QuartzCore.framework in Frameworks */,
				9FCE028B2AD918B200BB84CA /* CoreVideo.framework in Frameworks */,
				9FCE02892AD918AC00BB84CA /* AppKit.framework in Frameworks */,
				9FCE02872AD918A500BB84CA /* Carbon.framework in Frameworks */,
			);
			runOnlyForDeploymentPostprocessing = 0;
		};
/* End PBXFrameworksBuildPhase section */

/* Begin PBXGroup section */
		9FC718DB2A7D5E44007ADAA1 = {
			isa = PBXGroup;
			children = (
				9FC718E62A7D5E44007ADAA1 /* antiqua */,
				9FC718E52A7D5E44007ADAA1 /* Products */,
				9FD312012AADA5D900C3A9EF /* Frameworks */,
			);
			sourceTree = "<group>";
		};
		9FC718E52A7D5E44007ADAA1 /* Products */ = {
			isa = PBXGroup;
			children = (
				9FC718E42A7D5E44007ADAA1 /* antiqua.app */,
			);
			name = Products;
			sourceTree = "<group>";
		};
		9FC718E62A7D5E44007ADAA1 /* antiqua */ = {
			isa = PBXGroup;
			children = (
				9F7D55012BDCBC2600ADCC8B /* antiqua_math_generated.h */,
				9F7D55032BDCBC2600ADCC8B /* CustomWindowDelegate.m */,
				9F7D55052BDCBC2600ADCC8B /* main.m */,
				9F7D54FF2BDCBC2600ADCC8B /* osx_audio.m */,
				9F7D55022BDCBC2600ADCC8B /* osx_dynamic_loader.m */,
				9F7D55042BDCBC2600ADCC8B /* osx_input.m */,
				9F7D55062BDCBC2600ADCC8B /* osx_lock.m */,
				9F7D55002BDCBC2600ADCC8B /* osx_renderer.mm */,
				9F7D55072BDCBC2600ADCC8B /* osx_time.m */,
				9F56470D2BBA819300C0B94A /* antiqua_render_group.h */,
				9F7D55102BE9771700ADCC8B /* antiqua_render_group.cpp */,
				9F56470B2BB9180200C0B94A /* shaders.metal */,
				9F28AA722B9D88B7001A629A /* osx_renderer.h */,
				9F8A97892B746643001AC5DB /* antiqua_math.h */,
				9F8A978A2B746643001AC5DB /* antiqua_platform.h */,
				9F8A97882B746643001AC5DB /* antiqua_random.h */,
				9F3BF0B92B590FE100A6C2B7 /* antiqua_intrinsics.h */,
				9F8AC8C82B0926B100AC9757 /* osx_dynamic_loader.h */,
				9F8AC8C62B0926B100AC9757 /* osx_lock.h */,
				9F8AC8C52B0926B100AC9757 /* osx_time.h */,
				9FCE027D2AD9174900BB84CA /* antiqua.mm */,
				9FD311F82AADA0A500C3A9EF /* antiqua.cpp */,
				9FD311FA2AADA0A500C3A9EF /* antiqua.h */,
				9FD311FD2AADA0A500C3A9EF /* osx_audio.h */,
				9FD311FB2AADA0A500C3A9EF /* osx_input.h */,
				9FD311F72AADA0A500C3A9EF /* types.h */,
				9F1D09F02A86C1A100263859 /* CustomWindowDelegate.h */,
				9F6E25E32A7D7559006DF7A3 /* Info.plist */,
				9FC719182A7D5F7E007ADAA1 /* CustomNSView.h */,
				9FE7769A2C12D85E008C7388 /* CustomNSView.m */,
				9FC718ED2A7D5E45007ADAA1 /* Assets.xcassets */,
				9FC718F42A7D5E45007ADAA1 /* antiqua.entitlements */,
			);
			path = antiqua;
			sourceTree = "<group>";
		};
		9FD312012AADA5D900C3A9EF /* Frameworks */ = {
			isa = PBXGroup;
			children = (
				9F7D54FB2BDC914800ADCC8B /* Metal.framework */,
				9FCE028F2AD918C500BB84CA /* IOKit.framework */,
				9FCE028C2AD918B900BB84CA /* QuartzCore.framework */,
				9FCE028A2AD918B200BB84CA /* CoreVideo.framework */,
				9FCE02882AD918AC00BB84CA /* AppKit.framework */,
				9FCE02862AD918A500BB84CA /* Carbon.framework */,
				9FD312022AADA5D900C3A9EF /* CoreAudio.framework */,
			);
			name = Frameworks;
			sourceTree = "<group>";
		};
/* End PBXGroup section */

/* Begin PBXLegacyTarget section */
		9FC1563E2B18157500A59B2B /* antiqua_dbg */ = {
			isa = PBXLegacyTarget;
			buildArgumentsString = "$(ACTION)";
			buildConfigurationList = 9FC156412B18157500A59B2B /* Build configuration list for PBXLegacyTarget "antiqua_dbg" */;
			buildPhases = (
			);
			buildToolPath = /opt/homebrew/opt/make/libexec/gnubin/make;
			buildWorkingDirectory = "";
			dependencies = (
			);
			name = antiqua_dbg;
			passBuildSettingsInEnvironment = 1;
			productName = antiqua_dbg;
		};
/* End PBXLegacyTarget section */

/* Begin PBXNativeTarget section */
		9FC718E32A7D5E44007ADAA1 /* antiqua */ = {
			isa = PBXNativeTarget;
			buildConfigurationList = 9FC7190D2A7D5E45007ADAA1 /* Build configuration list for PBXNativeTarget "antiqua" */;
			buildPhases = (
				9FC718E02A7D5E44007ADAA1 /* Sources */,
				9FC718E12A7D5E44007ADAA1 /* Frameworks */,
				9FC718E22A7D5E44007ADAA1 /* Resources */,
				9FC7191B2A7D6075007ADAA1 /* CopyFiles */,
			);
			buildRules = (
			);
			dependencies = (
			);
			name = antiqua;
			productName = antiqua;
			productReference = 9FC718E42A7D5E44007ADAA1 /* antiqua.app */;
			productType = "com.apple.product-type.application";
		};
/* End PBXNativeTarget section */

/* Begin PBXProject section */
		9FC718DC2A7D5E44007ADAA1 /* Project object */ = {
			isa = PBXProject;
			attributes = {
				BuildIndependentTargetsInParallel = 1;
				LastUpgradeCheck = 1430;
				TargetAttributes = {
					9FC1563E2B18157500A59B2B = {
						CreatedOnToolsVersion = 15.0.1;
					};
					9FC718E32A7D5E44007ADAA1 = {
						CreatedOnToolsVersion = 14.3.1;
					};
				};
			};
			buildConfigurationList = 9FC718DF2A7D5E44007ADAA1 /* Build configuration list for PBXProject "antiqua" */;
			compatibilityVersion = "Xcode 14.0";
			developmentRegion = en;
			hasScannedForEncodings = 0;
			knownRegions = (
				en,
				Base,
			);
			mainGroup = 9FC718DB2A7D5E44007ADAA1;
			productRefGroup = 9FC718E52A7D5E44007ADAA1 /* Products */;
			projectDirPath = "";
			projectRoot = "";
			targets = (
				9FC718E32A7D5E44007ADAA1 /* antiqua */,
				9FC1563E2B18157500A59B2B /* antiqua_dbg */,
			);
		};
/* End PBXProject section */

/* Begin PBXResourcesBuildPhase section */
		9FC718E22A7D5E44007ADAA1 /* Resources */ = {
			isa = PBXResourcesBuildPhase;
			buildActionMask = 2147483647;
			files = (
				9FC718EE2A7D5E45007ADAA1 /* Assets.xcassets in Resources */,
			);
			runOnlyForDeploymentPostprocessing = 0;
		};
/* End PBXResourcesBuildPhase section */

/* Begin PBXSourcesBuildPhase section */
		9FC718E02A7D5E44007ADAA1 /* Sources */ = {
			isa = PBXSourcesBuildPhase;
			buildActionMask = 2147483647;
			files = (
				9F7D550B2BDCBC2600ADCC8B /* CustomWindowDelegate.m in Sources */,
				9FE7769B2C12D85E008C7388 /* CustomNSView.m in Sources */,
				9F7D55092BDCBC2600ADCC8B /* osx_renderer.mm in Sources */,
				9F7D550A2BDCBC2600ADCC8B /* osx_dynamic_loader.m in Sources */,
				9F7D55112BE9771700ADCC8B /* antiqua_render_group.cpp in Sources */,
				9F56470C2BB9180200C0B94A /* shaders.metal in Sources */,
				9F7D55082BDCBC2600ADCC8B /* osx_audio.m in Sources */,
				9F7D550E2BDCBC2600ADCC8B /* osx_lock.m in Sources */,
				9F7D550F2BDCBC2600ADCC8B /* osx_time.m in Sources */,
				9FD311FE2AADA0A500C3A9EF /* antiqua.cpp in Sources */,
				9FCE02832AD9174900BB84CA /* antiqua.mm in Sources */,
				9F7D550D2BDCBC2600ADCC8B /* main.m in Sources */,
				9F7D550C2BDCBC2600ADCC8B /* osx_input.m in Sources */,
			);
			runOnlyForDeploymentPostprocessing = 0;
		};
/* End PBXSourcesBuildPhase section */

/* Begin XCBuildConfiguration section */
		9FC1563F2B18157500A59B2B /* Debug */ = {
			isa = XCBuildConfiguration;
			buildSettings = {
				ASSETCATALOG_COMPILER_GENERATE_SWIFT_ASSET_SYMBOL_EXTENSIONS = YES;
				CODE_SIGN_STYLE = Automatic;
				DEBUGGING_SYMBOLS = YES;
				DEBUG_INFORMATION_FORMAT = dwarf;
				DEVELOPMENT_TEAM = H2VL2PJ39X;
				ENABLE_USER_SCRIPT_SANDBOXING = YES;
				GCC_C_LANGUAGE_STANDARD = gnu17;
				GCC_GENERATE_DEBUGGING_SYMBOLS = YES;
				GCC_OPTIMIZATION_LEVEL = 0;
				LOCALIZATION_PREFERS_STRING_CATALOGS = YES;
				OTHER_CFLAGS = "";
				OTHER_LDFLAGS = "";
				PRODUCT_NAME = antiqua_dbg;
			};
			name = Debug;
		};
		9FC156402B18157500A59B2B /* Release */ = {
			isa = XCBuildConfiguration;
			buildSettings = {
				ASSETCATALOG_COMPILER_GENERATE_SWIFT_ASSET_SYMBOL_EXTENSIONS = YES;
				CODE_SIGN_STYLE = Automatic;
				DEBUG_INFORMATION_FORMAT = "dwarf-with-dsym";
				DEVELOPMENT_TEAM = H2VL2PJ39X;
				ENABLE_USER_SCRIPT_SANDBOXING = YES;
				GCC_C_LANGUAGE_STANDARD = gnu17;
				LOCALIZATION_PREFERS_STRING_CATALOGS = YES;
				OTHER_CFLAGS = "";
				OTHER_LDFLAGS = "";
				PRODUCT_NAME = antiqua_dbg;
			};
			name = Release;
		};
		9FC7190B2A7D5E45007ADAA1 /* Debug */ = {
			isa = XCBuildConfiguration;
			buildSettings = {
				ALWAYS_SEARCH_USER_PATHS = NO;
				CLANG_ANALYZER_NONNULL = YES;
				CLANG_ANALYZER_NUMBER_OBJECT_CONVERSION = YES_AGGRESSIVE;
				CLANG_CXX_LANGUAGE_STANDARD = "gnu++20";
				CLANG_ENABLE_MODULES = YES;
				CLANG_ENABLE_OBJC_ARC = YES;
				CLANG_ENABLE_OBJC_WEAK = YES;
				CLANG_WARN_BLOCK_CAPTURE_AUTORELEASING = YES;
				CLANG_WARN_BOOL_CONVERSION = YES;
				CLANG_WARN_COMMA = YES;
				CLANG_WARN_CONSTANT_CONVERSION = YES;
				CLANG_WARN_DEPRECATED_OBJC_IMPLEMENTATIONS = YES;
				CLANG_WARN_DIRECT_OBJC_ISA_USAGE = YES_ERROR;
				CLANG_WARN_DOCUMENTATION_COMMENTS = YES;
				CLANG_WARN_EMPTY_BODY = YES;
				CLANG_WARN_ENUM_CONVERSION = YES;
				CLANG_WARN_INFINITE_RECURSION = YES;
				CLANG_WARN_INT_CONVERSION = YES;
				CLANG_WARN_NON_LITERAL_NULL_CONVERSION = YES;
				CLANG_WARN_OBJC_IMPLICIT_RETAIN_SELF = YES;
				CLANG_WARN_OBJC_LITERAL_CONVERSION = YES;
				CLANG_WARN_OBJC_ROOT_CLASS = YES_ERROR;
				CLANG_WARN_QUOTED_INCLUDE_IN_FRAMEWORK_HEADER = YES;
				CLANG_WARN_RANGE_LOOP_ANALYSIS = YES;
				CLANG_WARN_STRICT_PROTOTYPES = YES;
				CLANG_WARN_SUSPICIOUS_MOVE = YES;
				CLANG_WARN_UNGUARDED_AVAILABILITY = YES_AGGRESSIVE;
				CLANG_WARN_UNREACHABLE_CODE = YES;
				CLANG_WARN__DUPLICATE_METHOD_MATCH = YES;
				CODE_SIGN_IDENTITY = "-";
				COPY_PHASE_STRIP = NO;
				DEBUG_INFORMATION_FORMAT = dwarf;
				DEVELOPMENT_TEAM = H2VL2PJ39X;
				ENABLE_STRICT_OBJC_MSGSEND = YES;
				ENABLE_TESTABILITY = YES;
				GCC_C_LANGUAGE_STANDARD = gnu11;
				GCC_DYNAMIC_NO_PIC = NO;
				GCC_NO_COMMON_BLOCKS = YES;
				GCC_OPTIMIZATION_LEVEL = 0;
				GCC_PREPROCESSOR_DEFINITIONS = (
					"DEBUG=1",
					"$(inherited)",
				);
				GCC_WARN_64_TO_32_BIT_CONVERSION = YES;
				GCC_WARN_ABOUT_RETURN_TYPE = YES_ERROR;
				GCC_WARN_UNDECLARED_SELECTOR = YES;
				GCC_WARN_UNINITIALIZED_AUTOS = YES_AGGRESSIVE;
				GCC_WARN_UNUSED_FUNCTION = YES;
				GCC_WARN_UNUSED_VARIABLE = YES;
				MACOSX_DEPLOYMENT_TARGET = 10.13;
				MTL_ENABLE_DEBUG_INFO = INCLUDE_SOURCE;
				MTL_FAST_MATH = YES;
				ONLY_ACTIVE_ARCH = YES;
				SDKROOT = macosx;
			};
			name = Debug;
		};
		9FC7190C2A7D5E45007ADAA1 /* Release */ = {
			isa = XCBuildConfiguration;
			buildSettings = {
				ALWAYS_SEARCH_USER_PATHS = NO;
				CLANG_ANALYZER_NONNULL = YES;
				CLANG_ANALYZER_NUMBER_OBJECT_CONVERSION = YES_AGGRESSIVE;
				CLANG_CXX_LANGUAGE_STANDARD = "gnu++20";
				CLANG_ENABLE_MODULES = YES;
				CLANG_ENABLE_OBJC_ARC = YES;
				CLANG_ENABLE_OBJC_WEAK = YES;
				CLANG_WARN_BLOCK_CAPTURE_AUTORELEASING = YES;
				CLANG_WARN_BOOL_CONVERSION = YES;
				CLANG_WARN_COMMA = YES;
				CLANG_WARN_CONSTANT_CONVERSION = YES;
				CLANG_WARN_DEPRECATED_OBJC_IMPLEMENTATIONS = YES;
				CLANG_WARN_DIRECT_OBJC_ISA_USAGE = YES_ERROR;
				CLANG_WARN_DOCUMENTATION_COMMENTS = YES;
				CLANG_WARN_EMPTY_BODY = YES;
				CLANG_WARN_ENUM_CONVERSION = YES;
				CLANG_WARN_INFINITE_RECURSION = YES;
				CLANG_WARN_INT_CONVERSION = YES;
				CLANG_WARN_NON_LITERAL_NULL_CONVERSION = YES;
				CLANG_WARN_OBJC_IMPLICIT_RETAIN_SELF = YES;
				CLANG_WARN_OBJC_LITERAL_CONVERSION = YES;
				CLANG_WARN_OBJC_ROOT_CLASS = YES_ERROR;
				CLANG_WARN_QUOTED_INCLUDE_IN_FRAMEWORK_HEADER = YES;
				CLANG_WARN_RANGE_LOOP_ANALYSIS = YES;
				CLANG_WARN_STRICT_PROTOTYPES = YES;
				CLANG_WARN_SUSPICIOUS_MOVE = YES;
				CLANG_WARN_UNGUARDED_AVAILABILITY = YES_AGGRESSIVE;
				CLANG_WARN_UNREACHABLE_CODE = YES;
				CLANG_WARN__DUPLICATE_METHOD_MATCH = YES;
				CODE_SIGN_IDENTITY = "-";
				COPY_PHASE_STRIP = NO;
				DEBUG_INFORMATION_FORMAT = "dwarf-with-dsym";
				DEVELOPMENT_TEAM = H2VL2PJ39X;
				ENABLE_NS_ASSERTIONS = NO;
				ENABLE_STRICT_OBJC_MSGSEND = YES;
				GCC_C_LANGUAGE_STANDARD = gnu11;
				GCC_NO_COMMON_BLOCKS = YES;
				GCC_WARN_64_TO_32_BIT_CONVERSION = YES;
				GCC_WARN_ABOUT_RETURN_TYPE = YES_ERROR;
				GCC_WARN_UNDECLARED_SELECTOR = YES;
				GCC_WARN_UNINITIALIZED_AUTOS = YES_AGGRESSIVE;
				GCC_WARN_UNUSED_FUNCTION = YES;
				GCC_WARN_UNUSED_VARIABLE = YES;
				MACOSX_DEPLOYMENT_TARGET = 10.13;
				MTL_ENABLE_DEBUG_INFO = NO;
				MTL_FAST_MATH = YES;
				SDKROOT = macosx;
			};
			name = Release;
		};
		9FC7190E2A7D5E45007ADAA1 /* Debug */ = {
			isa = XCBuildConfiguration;
			buildSettings = {
				ASSETCATALOG_COMPILER_APPICON_NAME = AppIcon;
				ASSETCATALOG_COMPILER_GLOBAL_ACCENT_COLOR_NAME = AccentColor;
				CODE_SIGN_ENTITLEMENTS = antiqua/antiqua.entitlements;
				"CODE_SIGN_IDENTITY[sdk=macosx*]" = "-";
				CODE_SIGN_STYLE = Automatic;
				COMBINE_HIDPI_IMAGES = YES;
				CURRENT_PROJECT_VERSION = 1;
				DEVELOPMENT_TEAM = H2VL2PJ39X;
				GENERATE_INFOPLIST_FILE = YES;
				HEADER_SEARCH_PATHS = "";
				INFOPLIST_FILE = antiqua/Info.plist;
				INFOPLIST_KEY_NSHumanReadableCopyright = "";
				INFOPLIST_KEY_NSMainStoryboardFile = Main;
				INFOPLIST_KEY_NSPrincipalClass = NSApplication;
				LD_RUNPATH_SEARCH_PATHS = (
					"$(inherited)",
					"@executable_path/../Frameworks",
				);
				MARKETING_VERSION = 1.0;
				OTHER_CFLAGS = (
					"-DANTIQUA_SLOW=1",
					"-DANTIQUA_INTERNAL=1",
					"-DXCODE_BUILD=1",
				);
				PRODUCT_BUNDLE_IDENTIFIER = dimatheprogrammer.antiqua;
				PRODUCT_NAME = "$(TARGET_NAME)";
				SWIFT_EMIT_LOC_STRINGS = YES;
			};
			name = Debug;
		};
		9FC7190F2A7D5E45007ADAA1 /* Release */ = {
			isa = XCBuildConfiguration;
			buildSettings = {
				ASSETCATALOG_COMPILER_APPICON_NAME = AppIcon;
				ASSETCATALOG_COMPILER_GLOBAL_ACCENT_COLOR_NAME = AccentColor;
				CODE_SIGN_ENTITLEMENTS = antiqua/antiqua.entitlements;
				"CODE_SIGN_IDENTITY[sdk=macosx*]" = "-";
				CODE_SIGN_STYLE = Automatic;
				COMBINE_HIDPI_IMAGES = YES;
				CURRENT_PROJECT_VERSION = 1;
				DEVELOPMENT_TEAM = H2VL2PJ39X;
				GENERATE_INFOPLIST_FILE = YES;
				HEADER_SEARCH_PATHS = "";
				INFOPLIST_FILE = antiqua/Info.plist;
				INFOPLIST_KEY_NSHumanReadableCopyright = "";
				INFOPLIST_KEY_NSMainStoryboardFile = Main;
				INFOPLIST_KEY_NSPrincipalClass = NSApplication;
				LD_RUNPATH_SEARCH_PATHS = (
					"$(inherited)",
					"@executable_path/../Frameworks",
				);
				MARKETING_VERSION = 1.0;
				OTHER_CFLAGS = (
					"-DANTIQUA_SLOW=1",
					"-DANTIQUA_INTERNAL=1",
					"-DXCODE_BUILD=1",
				);
				PRODUCT_BUNDLE_IDENTIFIER = dimatheprogrammer.antiqua;
				PRODUCT_NAME = "$(TARGET_NAME)";
				SWIFT_EMIT_LOC_STRINGS = YES;
			};
			name = Release;
		};
/* End XCBuildConfiguration section */

/* Begin XCConfigurationList section */
		9FC156412B18157500A59B2B /* Build configuration list for PBXLegacyTarget "antiqua_dbg" */ = {
			isa = XCConfigurationList;
			buildConfigurations = (
				9FC1563F2B18157500A59B2B /* Debug */,
				9FC156402B18157500A59B2B /* Release */,
			);
			defaultConfigurationIsVisible = 0;
			defaultConfigurationName = Release;
		};
		9FC718DF2A7D5E44007ADAA1 /* Build configuration list for PBXProject "antiqua" */ = {
			isa = XCConfigurationList;
			buildConfigurations = (
				9FC7190B2A7D5E45007ADAA1 /* Debug */,
				9FC7190C2A7D5E45007ADAA1 /* Release */,
			);
			defaultConfigurationIsVisible = 0;
			defaultConfigurationName = Release;
		};
		9FC7190D2A7D5E45007ADAA1 /* Build configuration list for PBXNativeTarget "antiqua" */ = {
			isa = XCConfigurationList;
			buildConfigurations = (
				9FC7190E2A7D5E45007ADAA1 /* Debug */,
				9FC7190F2A7D5E45007ADAA1 /* Release */,
			);
			defaultConfigurationIsVisible = 0;
			defaultConfigurationName = Release;
		};
/* End XCConfigurationList section */
	};
	rootObject = 9FC718DC2A7D5E44007ADAA1 /* Project object */;
}
