// !$*UTF8*$!
{
	archiveVersion = 1;
	classes = {
	};
	objectVersion = 56;
	objects = {

/* Begin PBXBuildFile section */
		9FBB7D742A80BA17001EA2E0 /* CustomCALayer.m in Sources */ = {isa = PBXBuildFile; fileRef = 9FBB7D722A80BA17001EA2E0 /* CustomCALayer.m */; };
		9FC718E92A7D5E44007ADAA1 /* AppDelegate.m in Sources */ = {isa = PBXBuildFile; fileRef = 9FC718E82A7D5E44007ADAA1 /* AppDelegate.m */; };
		9FC718EE2A7D5E45007ADAA1 /* Assets.xcassets in Resources */ = {isa = PBXBuildFile; fileRef = 9FC718ED2A7D5E45007ADAA1 /* Assets.xcassets */; };
		9FC718F12A7D5E45007ADAA1 /* Main.storyboard in Resources */ = {isa = PBXBuildFile; fileRef = 9FC718EF2A7D5E45007ADAA1 /* Main.storyboard */; };
		9FC718F32A7D5E45007ADAA1 /* main.m in Sources */ = {isa = PBXBuildFile; fileRef = 9FC718F22A7D5E45007ADAA1 /* main.m */; };
		9FC718FE2A7D5E45007ADAA1 /* antiquaTests.m in Sources */ = {isa = PBXBuildFile; fileRef = 9FC718FD2A7D5E45007ADAA1 /* antiquaTests.m */; };
		9FC719082A7D5E45007ADAA1 /* antiquaUITests.m in Sources */ = {isa = PBXBuildFile; fileRef = 9FC719072A7D5E45007ADAA1 /* antiquaUITests.m */; };
		9FC7190A2A7D5E45007ADAA1 /* antiquaUITestsLaunchTests.m in Sources */ = {isa = PBXBuildFile; fileRef = 9FC719092A7D5E45007ADAA1 /* antiquaUITestsLaunchTests.m */; };
		9FC719192A7D5F7E007ADAA1 /* CustomNSView.m in Sources */ = {isa = PBXBuildFile; fileRef = 9FC719162A7D5F7E007ADAA1 /* CustomNSView.m */; };
		9FC7191A2A7D5F7E007ADAA1 /* ViewController.m in Sources */ = {isa = PBXBuildFile; fileRef = 9FC719172A7D5F7E007ADAA1 /* ViewController.m */; };
		9FC7191C2A7D608E007ADAA1 /* antiqua.app in CopyFiles */ = {isa = PBXBuildFile; fileRef = 9FC718E42A7D5E44007ADAA1 /* antiqua.app */; };
/* End PBXBuildFile section */

/* Begin PBXContainerItemProxy section */
		9FC718FA2A7D5E45007ADAA1 /* PBXContainerItemProxy */ = {
			isa = PBXContainerItemProxy;
			containerPortal = 9FC718DC2A7D5E44007ADAA1 /* Project object */;
			proxyType = 1;
			remoteGlobalIDString = 9FC718E32A7D5E44007ADAA1;
			remoteInfo = antiqua;
		};
		9FC719042A7D5E45007ADAA1 /* PBXContainerItemProxy */ = {
			isa = PBXContainerItemProxy;
			containerPortal = 9FC718DC2A7D5E44007ADAA1 /* Project object */;
			proxyType = 1;
			remoteGlobalIDString = 9FC718E32A7D5E44007ADAA1;
			remoteInfo = antiqua;
		};
/* End PBXContainerItemProxy section */

/* Begin PBXCopyFilesBuildPhase section */
		9FC7191B2A7D6075007ADAA1 /* CopyFiles */ = {
			isa = PBXCopyFilesBuildPhase;
			buildActionMask = 8;
			dstPath = "${SRCROOT}";
			dstSubfolderSpec = 0;
			files = (
				9FC7191C2A7D608E007ADAA1 /* antiqua.app in CopyFiles */,
			);
			runOnlyForDeploymentPostprocessing = 1;
		};
/* End PBXCopyFilesBuildPhase section */

/* Begin PBXFileReference section */
		9F6E25E32A7D7559006DF7A3 /* Info.plist */ = {isa = PBXFileReference; lastKnownFileType = text.plist; path = Info.plist; sourceTree = "<group>"; };
		9FBB7D722A80BA17001EA2E0 /* CustomCALayer.m */ = {isa = PBXFileReference; fileEncoding = 4; lastKnownFileType = sourcecode.c.objc; path = CustomCALayer.m; sourceTree = "<group>"; };
		9FBB7D732A80BA17001EA2E0 /* CustomCALayer.h */ = {isa = PBXFileReference; fileEncoding = 4; lastKnownFileType = sourcecode.c.h; path = CustomCALayer.h; sourceTree = "<group>"; };
		9FC718E42A7D5E44007ADAA1 /* antiqua.app */ = {isa = PBXFileReference; explicitFileType = wrapper.application; includeInIndex = 0; path = antiqua.app; sourceTree = BUILT_PRODUCTS_DIR; };
		9FC718E72A7D5E44007ADAA1 /* AppDelegate.h */ = {isa = PBXFileReference; lastKnownFileType = sourcecode.c.h; path = AppDelegate.h; sourceTree = "<group>"; };
		9FC718E82A7D5E44007ADAA1 /* AppDelegate.m */ = {isa = PBXFileReference; lastKnownFileType = sourcecode.c.objc; path = AppDelegate.m; sourceTree = "<group>"; };
		9FC718EA2A7D5E44007ADAA1 /* ViewController.h */ = {isa = PBXFileReference; lastKnownFileType = sourcecode.c.h; path = ViewController.h; sourceTree = "<group>"; };
		9FC718ED2A7D5E45007ADAA1 /* Assets.xcassets */ = {isa = PBXFileReference; lastKnownFileType = folder.assetcatalog; path = Assets.xcassets; sourceTree = "<group>"; };
		9FC718F02A7D5E45007ADAA1 /* Base */ = {isa = PBXFileReference; lastKnownFileType = file.storyboard; name = Base; path = Base.lproj/Main.storyboard; sourceTree = "<group>"; };
		9FC718F22A7D5E45007ADAA1 /* main.m */ = {isa = PBXFileReference; lastKnownFileType = sourcecode.c.objc; path = main.m; sourceTree = "<group>"; };
		9FC718F42A7D5E45007ADAA1 /* antiqua.entitlements */ = {isa = PBXFileReference; lastKnownFileType = text.plist.entitlements; path = antiqua.entitlements; sourceTree = "<group>"; };
		9FC718F92A7D5E45007ADAA1 /* antiquaTests.xctest */ = {isa = PBXFileReference; explicitFileType = wrapper.cfbundle; includeInIndex = 0; path = antiquaTests.xctest; sourceTree = BUILT_PRODUCTS_DIR; };
		9FC718FD2A7D5E45007ADAA1 /* antiquaTests.m */ = {isa = PBXFileReference; lastKnownFileType = sourcecode.c.objc; path = antiquaTests.m; sourceTree = "<group>"; };
		9FC719032A7D5E45007ADAA1 /* antiquaUITests.xctest */ = {isa = PBXFileReference; explicitFileType = wrapper.cfbundle; includeInIndex = 0; path = antiquaUITests.xctest; sourceTree = BUILT_PRODUCTS_DIR; };
		9FC719072A7D5E45007ADAA1 /* antiquaUITests.m */ = {isa = PBXFileReference; lastKnownFileType = sourcecode.c.objc; path = antiquaUITests.m; sourceTree = "<group>"; };
		9FC719092A7D5E45007ADAA1 /* antiquaUITestsLaunchTests.m */ = {isa = PBXFileReference; lastKnownFileType = sourcecode.c.objc; path = antiquaUITestsLaunchTests.m; sourceTree = "<group>"; };
		9FC719162A7D5F7E007ADAA1 /* CustomNSView.m */ = {isa = PBXFileReference; fileEncoding = 4; lastKnownFileType = sourcecode.c.objc; path = CustomNSView.m; sourceTree = "<group>"; };
		9FC719172A7D5F7E007ADAA1 /* ViewController.m */ = {isa = PBXFileReference; fileEncoding = 4; lastKnownFileType = sourcecode.c.objc; path = ViewController.m; sourceTree = "<group>"; };
		9FC719182A7D5F7E007ADAA1 /* CustomNSView.h */ = {isa = PBXFileReference; fileEncoding = 4; lastKnownFileType = sourcecode.c.h; path = CustomNSView.h; sourceTree = "<group>"; };
/* End PBXFileReference section */

/* Begin PBXFrameworksBuildPhase section */
		9FC718E12A7D5E44007ADAA1 /* Frameworks */ = {
			isa = PBXFrameworksBuildPhase;
			buildActionMask = 2147483647;
			files = (
			);
			runOnlyForDeploymentPostprocessing = 0;
		};
		9FC718F62A7D5E45007ADAA1 /* Frameworks */ = {
			isa = PBXFrameworksBuildPhase;
			buildActionMask = 2147483647;
			files = (
			);
			runOnlyForDeploymentPostprocessing = 0;
		};
		9FC719002A7D5E45007ADAA1 /* Frameworks */ = {
			isa = PBXFrameworksBuildPhase;
			buildActionMask = 2147483647;
			files = (
			);
			runOnlyForDeploymentPostprocessing = 0;
		};
/* End PBXFrameworksBuildPhase section */

/* Begin PBXGroup section */
		9FC718DB2A7D5E44007ADAA1 = {
			isa = PBXGroup;
			children = (
				9FC718E62A7D5E44007ADAA1 /* antiqua */,
				9FC718FC2A7D5E45007ADAA1 /* antiquaTests */,
				9FC719062A7D5E45007ADAA1 /* antiquaUITests */,
				9FC718E52A7D5E44007ADAA1 /* Products */,
			);
			sourceTree = "<group>";
		};
		9FC718E52A7D5E44007ADAA1 /* Products */ = {
			isa = PBXGroup;
			children = (
				9FC718E42A7D5E44007ADAA1 /* antiqua.app */,
				9FC718F92A7D5E45007ADAA1 /* antiquaTests.xctest */,
				9FC719032A7D5E45007ADAA1 /* antiquaUITests.xctest */,
			);
			name = Products;
			sourceTree = "<group>";
		};
		9FC718E62A7D5E44007ADAA1 /* antiqua */ = {
			isa = PBXGroup;
			children = (
				9FBB7D732A80BA17001EA2E0 /* CustomCALayer.h */,
				9FBB7D722A80BA17001EA2E0 /* CustomCALayer.m */,
				9F6E25E32A7D7559006DF7A3 /* Info.plist */,
				9FC719182A7D5F7E007ADAA1 /* CustomNSView.h */,
				9FC719162A7D5F7E007ADAA1 /* CustomNSView.m */,
				9FC719172A7D5F7E007ADAA1 /* ViewController.m */,
				9FC718E72A7D5E44007ADAA1 /* AppDelegate.h */,
				9FC718E82A7D5E44007ADAA1 /* AppDelegate.m */,
				9FC718EA2A7D5E44007ADAA1 /* ViewController.h */,
				9FC718ED2A7D5E45007ADAA1 /* Assets.xcassets */,
				9FC718EF2A7D5E45007ADAA1 /* Main.storyboard */,
				9FC718F22A7D5E45007ADAA1 /* main.m */,
				9FC718F42A7D5E45007ADAA1 /* antiqua.entitlements */,
			);
			path = antiqua;
			sourceTree = "<group>";
		};
		9FC718FC2A7D5E45007ADAA1 /* antiquaTests */ = {
			isa = PBXGroup;
			children = (
				9FC718FD2A7D5E45007ADAA1 /* antiquaTests.m */,
			);
			path = antiquaTests;
			sourceTree = "<group>";
		};
		9FC719062A7D5E45007ADAA1 /* antiquaUITests */ = {
			isa = PBXGroup;
			children = (
				9FC719072A7D5E45007ADAA1 /* antiquaUITests.m */,
				9FC719092A7D5E45007ADAA1 /* antiquaUITestsLaunchTests.m */,
			);
			path = antiquaUITests;
			sourceTree = "<group>";
		};
/* End PBXGroup section */

/* Begin PBXNativeTarget section */
		9FC718E32A7D5E44007ADAA1 /* antiqua */ = {
			isa = PBXNativeTarget;
			buildConfigurationList = 9FC7190D2A7D5E45007ADAA1 /* Build configuration list for PBXNativeTarget "antiqua" */;
			buildPhases = (
				9FC718E02A7D5E44007ADAA1 /* Sources */,
				9FC718E12A7D5E44007ADAA1 /* Frameworks */,
				9FC718E22A7D5E44007ADAA1 /* Resources */,
				9FC7191B2A7D6075007ADAA1 /* CopyFiles */,
			);
			buildRules = (
			);
			dependencies = (
			);
			name = antiqua;
			productName = antiqua;
			productReference = 9FC718E42A7D5E44007ADAA1 /* antiqua.app */;
			productType = "com.apple.product-type.application";
		};
		9FC718F82A7D5E45007ADAA1 /* antiquaTests */ = {
			isa = PBXNativeTarget;
			buildConfigurationList = 9FC719102A7D5E45007ADAA1 /* Build configuration list for PBXNativeTarget "antiquaTests" */;
			buildPhases = (
				9FC718F52A7D5E45007ADAA1 /* Sources */,
				9FC718F62A7D5E45007ADAA1 /* Frameworks */,
				9FC718F72A7D5E45007ADAA1 /* Resources */,
			);
			buildRules = (
			);
			dependencies = (
				9FC718FB2A7D5E45007ADAA1 /* PBXTargetDependency */,
			);
			name = antiquaTests;
			productName = antiquaTests;
			productReference = 9FC718F92A7D5E45007ADAA1 /* antiquaTests.xctest */;
			productType = "com.apple.product-type.bundle.unit-test";
		};
		9FC719022A7D5E45007ADAA1 /* antiquaUITests */ = {
			isa = PBXNativeTarget;
			buildConfigurationList = 9FC719132A7D5E45007ADAA1 /* Build configuration list for PBXNativeTarget "antiquaUITests" */;
			buildPhases = (
				9FC718FF2A7D5E45007ADAA1 /* Sources */,
				9FC719002A7D5E45007ADAA1 /* Frameworks */,
				9FC719012A7D5E45007ADAA1 /* Resources */,
			);
			buildRules = (
			);
			dependencies = (
				9FC719052A7D5E45007ADAA1 /* PBXTargetDependency */,
			);
			name = antiquaUITests;
			productName = antiquaUITests;
			productReference = 9FC719032A7D5E45007ADAA1 /* antiquaUITests.xctest */;
			productType = "com.apple.product-type.bundle.ui-testing";
		};
/* End PBXNativeTarget section */

/* Begin PBXProject section */
		9FC718DC2A7D5E44007ADAA1 /* Project object */ = {
			isa = PBXProject;
			attributes = {
				BuildIndependentTargetsInParallel = 1;
				LastUpgradeCheck = 1430;
				TargetAttributes = {
					9FC718E32A7D5E44007ADAA1 = {
						CreatedOnToolsVersion = 14.3.1;
					};
					9FC718F82A7D5E45007ADAA1 = {
						CreatedOnToolsVersion = 14.3.1;
						TestTargetID = 9FC718E32A7D5E44007ADAA1;
					};
					9FC719022A7D5E45007ADAA1 = {
						CreatedOnToolsVersion = 14.3.1;
						TestTargetID = 9FC718E32A7D5E44007ADAA1;
					};
				};
			};
			buildConfigurationList = 9FC718DF2A7D5E44007ADAA1 /* Build configuration list for PBXProject "antiqua" */;
			compatibilityVersion = "Xcode 14.0";
			developmentRegion = en;
			hasScannedForEncodings = 0;
			knownRegions = (
				en,
				Base,
			);
			mainGroup = 9FC718DB2A7D5E44007ADAA1;
			productRefGroup = 9FC718E52A7D5E44007ADAA1 /* Products */;
			projectDirPath = "";
			projectRoot = "";
			targets = (
				9FC718E32A7D5E44007ADAA1 /* antiqua */,
				9FC718F82A7D5E45007ADAA1 /* antiquaTests */,
				9FC719022A7D5E45007ADAA1 /* antiquaUITests */,
			);
		};
/* End PBXProject section */

/* Begin PBXResourcesBuildPhase section */
		9FC718E22A7D5E44007ADAA1 /* Resources */ = {
			isa = PBXResourcesBuildPhase;
			buildActionMask = 2147483647;
			files = (
				9FC718EE2A7D5E45007ADAA1 /* Assets.xcassets in Resources */,
				9FC718F12A7D5E45007ADAA1 /* Main.storyboard in Resources */,
			);
			runOnlyForDeploymentPostprocessing = 0;
		};
		9FC718F72A7D5E45007ADAA1 /* Resources */ = {
			isa = PBXResourcesBuildPhase;
			buildActionMask = 2147483647;
			files = (
			);
			runOnlyForDeploymentPostprocessing = 0;
		};
		9FC719012A7D5E45007ADAA1 /* Resources */ = {
			isa = PBXResourcesBuildPhase;
			buildActionMask = 2147483647;
			files = (
			);
			runOnlyForDeploymentPostprocessing = 0;
		};
/* End PBXResourcesBuildPhase section */

/* Begin PBXSourcesBuildPhase section */
		9FC718E02A7D5E44007ADAA1 /* Sources */ = {
			isa = PBXSourcesBuildPhase;
			buildActionMask = 2147483647;
			files = (
				9FC718F32A7D5E45007ADAA1 /* main.m in Sources */,
				9FC719192A7D5F7E007ADAA1 /* CustomNSView.m in Sources */,
				9FC7191A2A7D5F7E007ADAA1 /* ViewController.m in Sources */,
				9FBB7D742A80BA17001EA2E0 /* CustomCALayer.m in Sources */,
				9FC718E92A7D5E44007ADAA1 /* AppDelegate.m in Sources */,
			);
			runOnlyForDeploymentPostprocessing = 0;
		};
		9FC718F52A7D5E45007ADAA1 /* Sources */ = {
			isa = PBXSourcesBuildPhase;
			buildActionMask = 2147483647;
			files = (
				9FC718FE2A7D5E45007ADAA1 /* antiquaTests.m in Sources */,
			);
			runOnlyForDeploymentPostprocessing = 0;
		};
		9FC718FF2A7D5E45007ADAA1 /* Sources */ = {
			isa = PBXSourcesBuildPhase;
			buildActionMask = 2147483647;
			files = (
				9FC7190A2A7D5E45007ADAA1 /* antiquaUITestsLaunchTests.m in Sources */,
				9FC719082A7D5E45007ADAA1 /* antiquaUITests.m in Sources */,
			);
			runOnlyForDeploymentPostprocessing = 0;
		};
/* End PBXSourcesBuildPhase section */

/* Begin PBXTargetDependency section */
		9FC718FB2A7D5E45007ADAA1 /* PBXTargetDependency */ = {
			isa = PBXTargetDependency;
			target = 9FC718E32A7D5E44007ADAA1 /* antiqua */;
			targetProxy = 9FC718FA2A7D5E45007ADAA1 /* PBXContainerItemProxy */;
		};
		9FC719052A7D5E45007ADAA1 /* PBXTargetDependency */ = {
			isa = PBXTargetDependency;
			target = 9FC718E32A7D5E44007ADAA1 /* antiqua */;
			targetProxy = 9FC719042A7D5E45007ADAA1 /* PBXContainerItemProxy */;
		};
/* End PBXTargetDependency section */

/* Begin PBXVariantGroup section */
		9FC718EF2A7D5E45007ADAA1 /* Main.storyboard */ = {
			isa = PBXVariantGroup;
			children = (
				9FC718F02A7D5E45007ADAA1 /* Base */,
			);
			name = Main.storyboard;
			sourceTree = "<group>";
		};
/* End PBXVariantGroup section */

/* Begin XCBuildConfiguration section */
		9FC7190B2A7D5E45007ADAA1 /* Debug */ = {
			isa = XCBuildConfiguration;
			buildSettings = {
				ALWAYS_SEARCH_USER_PATHS = NO;
				CLANG_ANALYZER_NONNULL = YES;
				CLANG_ANALYZER_NUMBER_OBJECT_CONVERSION = YES_AGGRESSIVE;
				CLANG_CXX_LANGUAGE_STANDARD = "gnu++20";
				CLANG_ENABLE_MODULES = YES;
				CLANG_ENABLE_OBJC_ARC = YES;
				CLANG_ENABLE_OBJC_WEAK = YES;
				CLANG_WARN_BLOCK_CAPTURE_AUTORELEASING = YES;
				CLANG_WARN_BOOL_CONVERSION = YES;
				CLANG_WARN_COMMA = YES;
				CLANG_WARN_CONSTANT_CONVERSION = YES;
				CLANG_WARN_DEPRECATED_OBJC_IMPLEMENTATIONS = YES;
				CLANG_WARN_DIRECT_OBJC_ISA_USAGE = YES_ERROR;
				CLANG_WARN_DOCUMENTATION_COMMENTS = YES;
				CLANG_WARN_EMPTY_BODY = YES;
				CLANG_WARN_ENUM_CONVERSION = YES;
				CLANG_WARN_INFINITE_RECURSION = YES;
				CLANG_WARN_INT_CONVERSION = YES;
				CLANG_WARN_NON_LITERAL_NULL_CONVERSION = YES;
				CLANG_WARN_OBJC_IMPLICIT_RETAIN_SELF = YES;
				CLANG_WARN_OBJC_LITERAL_CONVERSION = YES;
				CLANG_WARN_OBJC_ROOT_CLASS = YES_ERROR;
				CLANG_WARN_QUOTED_INCLUDE_IN_FRAMEWORK_HEADER = YES;
				CLANG_WARN_RANGE_LOOP_ANALYSIS = YES;
				CLANG_WARN_STRICT_PROTOTYPES = YES;
				CLANG_WARN_SUSPICIOUS_MOVE = YES;
				CLANG_WARN_UNGUARDED_AVAILABILITY = YES_AGGRESSIVE;
				CLANG_WARN_UNREACHABLE_CODE = YES;
				CLANG_WARN__DUPLICATE_METHOD_MATCH = YES;
				CODE_SIGN_IDENTITY = "-";
				COPY_PHASE_STRIP = NO;
				DEBUG_INFORMATION_FORMAT = dwarf;
				ENABLE_STRICT_OBJC_MSGSEND = YES;
				ENABLE_TESTABILITY = YES;
				GCC_C_LANGUAGE_STANDARD = gnu11;
				GCC_DYNAMIC_NO_PIC = NO;
				GCC_NO_COMMON_BLOCKS = YES;
				GCC_OPTIMIZATION_LEVEL = 0;
				GCC_PREPROCESSOR_DEFINITIONS = (
					"DEBUG=1",
					"$(inherited)",
				);
				GCC_WARN_64_TO_32_BIT_CONVERSION = YES;
				GCC_WARN_ABOUT_RETURN_TYPE = YES_ERROR;
				GCC_WARN_UNDECLARED_SELECTOR = YES;
				GCC_WARN_UNINITIALIZED_AUTOS = YES_AGGRESSIVE;
				GCC_WARN_UNUSED_FUNCTION = YES;
				GCC_WARN_UNUSED_VARIABLE = YES;
				MACOSX_DEPLOYMENT_TARGET = 13.3;
				MTL_ENABLE_DEBUG_INFO = INCLUDE_SOURCE;
				MTL_FAST_MATH = YES;
				ONLY_ACTIVE_ARCH = YES;
				SDKROOT = macosx;
			};
			name = Debug;
		};
		9FC7190C2A7D5E45007ADAA1 /* Release */ = {
			isa = XCBuildConfiguration;
			buildSettings = {
				ALWAYS_SEARCH_USER_PATHS = NO;
				CLANG_ANALYZER_NONNULL = YES;
				CLANG_ANALYZER_NUMBER_OBJECT_CONVERSION = YES_AGGRESSIVE;
				CLANG_CXX_LANGUAGE_STANDARD = "gnu++20";
				CLANG_ENABLE_MODULES = YES;
				CLANG_ENABLE_OBJC_ARC = YES;
				CLANG_ENABLE_OBJC_WEAK = YES;
				CLANG_WARN_BLOCK_CAPTURE_AUTORELEASING = YES;
				CLANG_WARN_BOOL_CONVERSION = YES;
				CLANG_WARN_COMMA = YES;
				CLANG_WARN_CONSTANT_CONVERSION = YES;
				CLANG_WARN_DEPRECATED_OBJC_IMPLEMENTATIONS = YES;
				CLANG_WARN_DIRECT_OBJC_ISA_USAGE = YES_ERROR;
				CLANG_WARN_DOCUMENTATION_COMMENTS = YES;
				CLANG_WARN_EMPTY_BODY = YES;
				CLANG_WARN_ENUM_CONVERSION = YES;
				CLANG_WARN_INFINITE_RECURSION = YES;
				CLANG_WARN_INT_CONVERSION = YES;
				CLANG_WARN_NON_LITERAL_NULL_CONVERSION = YES;
				CLANG_WARN_OBJC_IMPLICIT_RETAIN_SELF = YES;
				CLANG_WARN_OBJC_LITERAL_CONVERSION = YES;
				CLANG_WARN_OBJC_ROOT_CLASS = YES_ERROR;
				CLANG_WARN_QUOTED_INCLUDE_IN_FRAMEWORK_HEADER = YES;
				CLANG_WARN_RANGE_LOOP_ANALYSIS = YES;
				CLANG_WARN_STRICT_PROTOTYPES = YES;
				CLANG_WARN_SUSPICIOUS_MOVE = YES;
				CLANG_WARN_UNGUARDED_AVAILABILITY = YES_AGGRESSIVE;
				CLANG_WARN_UNREACHABLE_CODE = YES;
				CLANG_WARN__DUPLICATE_METHOD_MATCH = YES;
				CODE_SIGN_IDENTITY = "-";
				COPY_PHASE_STRIP = NO;
				DEBUG_INFORMATION_FORMAT = "dwarf-with-dsym";
				ENABLE_NS_ASSERTIONS = NO;
				ENABLE_STRICT_OBJC_MSGSEND = YES;
				GCC_C_LANGUAGE_STANDARD = gnu11;
				GCC_NO_COMMON_BLOCKS = YES;
				GCC_WARN_64_TO_32_BIT_CONVERSION = YES;
				GCC_WARN_ABOUT_RETURN_TYPE = YES_ERROR;
				GCC_WARN_UNDECLARED_SELECTOR = YES;
				GCC_WARN_UNINITIALIZED_AUTOS = YES_AGGRESSIVE;
				GCC_WARN_UNUSED_FUNCTION = YES;
				GCC_WARN_UNUSED_VARIABLE = YES;
				MACOSX_DEPLOYMENT_TARGET = 13.3;
				MTL_ENABLE_DEBUG_INFO = NO;
				MTL_FAST_MATH = YES;
				SDKROOT = macosx;
			};
			name = Release;
		};
		9FC7190E2A7D5E45007ADAA1 /* Debug */ = {
			isa = XCBuildConfiguration;
			buildSettings = {
				ASSETCATALOG_COMPILER_APPICON_NAME = AppIcon;
				ASSETCATALOG_COMPILER_GLOBAL_ACCENT_COLOR_NAME = AccentColor;
				CODE_SIGN_ENTITLEMENTS = antiqua/antiqua.entitlements;
				CODE_SIGN_STYLE = Automatic;
				COMBINE_HIDPI_IMAGES = YES;
				CURRENT_PROJECT_VERSION = 1;
				GENERATE_INFOPLIST_FILE = YES;
				INFOPLIST_FILE = antiqua/Info.plist;
				INFOPLIST_KEY_NSHumanReadableCopyright = "";
				INFOPLIST_KEY_NSMainStoryboardFile = Main;
				INFOPLIST_KEY_NSPrincipalClass = NSApplication;
				LD_RUNPATH_SEARCH_PATHS = (
					"$(inherited)",
					"@executable_path/../Frameworks",
				);
				MARKETING_VERSION = 1.0;
				PRODUCT_BUNDLE_IDENTIFIER = dimatheprogrammer.antiqua;
				PRODUCT_NAME = "$(TARGET_NAME)";
				SWIFT_EMIT_LOC_STRINGS = YES;
			};
			name = Debug;
		};
		9FC7190F2A7D5E45007ADAA1 /* Release */ = {
			isa = XCBuildConfiguration;
			buildSettings = {
				ASSETCATALOG_COMPILER_APPICON_NAME = AppIcon;
				ASSETCATALOG_COMPILER_GLOBAL_ACCENT_COLOR_NAME = AccentColor;
				CODE_SIGN_ENTITLEMENTS = antiqua/antiqua.entitlements;
				CODE_SIGN_STYLE = Automatic;
				COMBINE_HIDPI_IMAGES = YES;
				CURRENT_PROJECT_VERSION = 1;
				GENERATE_INFOPLIST_FILE = YES;
				INFOPLIST_FILE = antiqua/Info.plist;
				INFOPLIST_KEY_NSHumanReadableCopyright = "";
				INFOPLIST_KEY_NSMainStoryboardFile = Main;
				INFOPLIST_KEY_NSPrincipalClass = NSApplication;
				LD_RUNPATH_SEARCH_PATHS = (
					"$(inherited)",
					"@executable_path/../Frameworks",
				);
				MARKETING_VERSION = 1.0;
				PRODUCT_BUNDLE_IDENTIFIER = dimatheprogrammer.antiqua;
				PRODUCT_NAME = "$(TARGET_NAME)";
				SWIFT_EMIT_LOC_STRINGS = YES;
			};
			name = Release;
		};
		9FC719112A7D5E45007ADAA1 /* Debug */ = {
			isa = XCBuildConfiguration;
			buildSettings = {
				BUNDLE_LOADER = "$(TEST_HOST)";
				CODE_SIGN_STYLE = Automatic;
				CURRENT_PROJECT_VERSION = 1;
				GENERATE_INFOPLIST_FILE = YES;
				MACOSX_DEPLOYMENT_TARGET = 13.3;
				MARKETING_VERSION = 1.0;
				PRODUCT_BUNDLE_IDENTIFIER = dimatheprogrammer.antiquaTests;
				PRODUCT_NAME = "$(TARGET_NAME)";
				SWIFT_EMIT_LOC_STRINGS = NO;
				TEST_HOST = "$(BUILT_PRODUCTS_DIR)/antiqua.app/$(BUNDLE_EXECUTABLE_FOLDER_PATH)/antiqua";
			};
			name = Debug;
		};
		9FC719122A7D5E45007ADAA1 /* Release */ = {
			isa = XCBuildConfiguration;
			buildSettings = {
				BUNDLE_LOADER = "$(TEST_HOST)";
				CODE_SIGN_STYLE = Automatic;
				CURRENT_PROJECT_VERSION = 1;
				GENERATE_INFOPLIST_FILE = YES;
				MACOSX_DEPLOYMENT_TARGET = 13.3;
				MARKETING_VERSION = 1.0;
				PRODUCT_BUNDLE_IDENTIFIER = dimatheprogrammer.antiquaTests;
				PRODUCT_NAME = "$(TARGET_NAME)";
				SWIFT_EMIT_LOC_STRINGS = NO;
				TEST_HOST = "$(BUILT_PRODUCTS_DIR)/antiqua.app/$(BUNDLE_EXECUTABLE_FOLDER_PATH)/antiqua";
			};
			name = Release;
		};
		9FC719142A7D5E45007ADAA1 /* Debug */ = {
			isa = XCBuildConfiguration;
			buildSettings = {
				CODE_SIGN_STYLE = Automatic;
				CURRENT_PROJECT_VERSION = 1;
				GENERATE_INFOPLIST_FILE = YES;
				MARKETING_VERSION = 1.0;
				PRODUCT_BUNDLE_IDENTIFIER = dimatheprogrammer.antiquaUITests;
				PRODUCT_NAME = "$(TARGET_NAME)";
				SWIFT_EMIT_LOC_STRINGS = NO;
				TEST_TARGET_NAME = antiqua;
			};
			name = Debug;
		};
		9FC719152A7D5E45007ADAA1 /* Release */ = {
			isa = XCBuildConfiguration;
			buildSettings = {
				CODE_SIGN_STYLE = Automatic;
				CURRENT_PROJECT_VERSION = 1;
				GENERATE_INFOPLIST_FILE = YES;
				MARKETING_VERSION = 1.0;
				PRODUCT_BUNDLE_IDENTIFIER = dimatheprogrammer.antiquaUITests;
				PRODUCT_NAME = "$(TARGET_NAME)";
				SWIFT_EMIT_LOC_STRINGS = NO;
				TEST_TARGET_NAME = antiqua;
			};
			name = Release;
		};
/* End XCBuildConfiguration section */

/* Begin XCConfigurationList section */
		9FC718DF2A7D5E44007ADAA1 /* Build configuration list for PBXProject "antiqua" */ = {
			isa = XCConfigurationList;
			buildConfigurations = (
				9FC7190B2A7D5E45007ADAA1 /* Debug */,
				9FC7190C2A7D5E45007ADAA1 /* Release */,
			);
			defaultConfigurationIsVisible = 0;
			defaultConfigurationName = Release;
		};
		9FC7190D2A7D5E45007ADAA1 /* Build configuration list for PBXNativeTarget "antiqua" */ = {
			isa = XCConfigurationList;
			buildConfigurations = (
				9FC7190E2A7D5E45007ADAA1 /* Debug */,
				9FC7190F2A7D5E45007ADAA1 /* Release */,
			);
			defaultConfigurationIsVisible = 0;
			defaultConfigurationName = Release;
		};
		9FC719102A7D5E45007ADAA1 /* Build configuration list for PBXNativeTarget "antiquaTests" */ = {
			isa = XCConfigurationList;
			buildConfigurations = (
				9FC719112A7D5E45007ADAA1 /* Debug */,
				9FC719122A7D5E45007ADAA1 /* Release */,
			);
			defaultConfigurationIsVisible = 0;
			defaultConfigurationName = Release;
		};
		9FC719132A7D5E45007ADAA1 /* Build configuration list for PBXNativeTarget "antiquaUITests" */ = {
			isa = XCConfigurationList;
			buildConfigurations = (
				9FC719142A7D5E45007ADAA1 /* Debug */,
				9FC719152A7D5E45007ADAA1 /* Release */,
			);
			defaultConfigurationIsVisible = 0;
			defaultConfigurationName = Release;
		};
/* End XCConfigurationList section */
	};
	rootObject = 9FC718DC2A7D5E44007ADAA1 /* Project object */;
}
